
Microsoft Visual Studio Solution File, Format Version 12.00
# Visual Studio Version 16
VisualStudioVersion = 16.0.28803.202
MinimumVisualStudioVersion = 10.0.40219.1
Project("{8BC9CEB8-8B4A-11D0-8D11-00A0C91BC942}") = "Compiler", "Compiler\Compiler.vcxproj", "{7196D0EE-18F7-47A1-8357-B1F4FF5128AA}"
	ProjectSection(ProjectDependencies) = postProject
		{548964DC-7747-4EED-81C0-F61751CBC7CD} = {548964DC-7747-4EED-81C0-F61751CBC7CD}
	EndProjectSection
EndProject
Project("{8BC9CEB8-8B4A-11D0-8D11-00A0C91BC942}") = "VirtualMachine", "VirtualMachine\VirtualMachine.vcxproj", "{D008CBC4-D2FE-42A0-BC7B-86B28D8A7165}"
	ProjectSection(ProjectDependencies) = postProject
		{548964DC-7747-4EED-81C0-F61751CBC7CD} = {548964DC-7747-4EED-81C0-F61751CBC7CD}
	EndProjectSection
EndProject
Project("{8BC9CEB8-8B4A-11D0-8D11-00A0C91BC942}") = "VirtualContext", "VirtualContext\VirtualContext.vcxproj", "{548964DC-7747-4EED-81C0-F61751CBC7CD}"
EndProject
Project("{2150E333-8FDC-42A3-9474-1A3956D46DE8}") = "Examples", "Examples", "{94E64B6A-CC13-4C06-A6F3-40897252A496}"
	ProjectSection(SolutionItems) = preProject
		Compiler\Examples\factoral.pasm = Compiler\Examples\factoral.pasm
		Compiler\Examples\hashtable.pasm = Compiler\Examples\hashtable.pasm
		Compiler\Examples\helloworld.pasm = Compiler\Examples\helloworld.pasm
		Compiler\Examples\loop.pasm = Compiler\Examples\loop.pasm
		Compiler\Examples\math.pasm = Compiler\Examples\math.pasm
		Compiler\Examples\pmc_native.pasm = Compiler\Examples\pmc_native.pasm
		Compiler\Examples\registers.pasm = Compiler\Examples\registers.pasm
		Compiler\Examples\string.pasm = Compiler\Examples\string.pasm
	EndProjectSection
EndProject
Project("{FAE04EC0-301F-11D3-BF4B-00C04F79EFBC}") = "PasmIDE", "PasmIDE\PasmIDE.csproj", "{A2C52A78-FD5B-4CFD-9A1C-5A12EB891A7D}"
EndProject
Global
	GlobalSection(SolutionConfigurationPlatforms) = preSolution
		Debug|Any CPU = Debug|Any CPU
		Debug|x64 = Debug|x64
		Debug|x86 = Debug|x86
		Release|Any CPU = Release|Any CPU
		Release|x64 = Release|x64
		Release|x86 = Release|x86
	EndGlobalSection
	GlobalSection(ProjectConfigurationPlatforms) = postSolution
		{7196D0EE-18F7-47A1-8357-B1F4FF5128AA}.Debug|Any CPU.ActiveCfg = Debug|Win32
		{7196D0EE-18F7-47A1-8357-B1F4FF5128AA}.Debug|x64.ActiveCfg = Debug|x64
		{7196D0EE-18F7-47A1-8357-B1F4FF5128AA}.Debug|x64.Build.0 = Debug|x64
		{7196D0EE-18F7-47A1-8357-B1F4FF5128AA}.Debug|x86.ActiveCfg = Debug|Win32
		{7196D0EE-18F7-47A1-8357-B1F4FF5128AA}.Debug|x86.Build.0 = Debug|Win32
		{7196D0EE-18F7-47A1-8357-B1F4FF5128AA}.Release|Any CPU.ActiveCfg = Release|Win32
		{7196D0EE-18F7-47A1-8357-B1F4FF5128AA}.Release|x64.ActiveCfg = Release|x64
		{7196D0EE-18F7-47A1-8357-B1F4FF5128AA}.Release|x64.Build.0 = Release|x64
		{7196D0EE-18F7-47A1-8357-B1F4FF5128AA}.Release|x86.ActiveCfg = Release|Win32
		{7196D0EE-18F7-47A1-8357-B1F4FF5128AA}.Release|x86.Build.0 = Release|Win32
		{D008CBC4-D2FE-42A0-BC7B-86B28D8A7165}.Debug|Any CPU.ActiveCfg = Debug|Win32
		{D008CBC4-D2FE-42A0-BC7B-86B28D8A7165}.Debug|x64.ActiveCfg = Debug|x64
		{D008CBC4-D2FE-42A0-BC7B-86B28D8A7165}.Debug|x64.Build.0 = Debug|x64
		{D008CBC4-D2FE-42A0-BC7B-86B28D8A7165}.Debug|x86.ActiveCfg = Debug|Win32
		{D008CBC4-D2FE-42A0-BC7B-86B28D8A7165}.Debug|x86.Build.0 = Debug|Win32
		{D008CBC4-D2FE-42A0-BC7B-86B28D8A7165}.Release|Any CPU.ActiveCfg = Release|Win32
		{D008CBC4-D2FE-42A0-BC7B-86B28D8A7165}.Release|x64.ActiveCfg = Release|x64
		{D008CBC4-D2FE-42A0-BC7B-86B28D8A7165}.Release|x64.Build.0 = Release|x64
		{D008CBC4-D2FE-42A0-BC7B-86B28D8A7165}.Release|x86.ActiveCfg = Release|Win32
		{D008CBC4-D2FE-42A0-BC7B-86B28D8A7165}.Release|x86.Build.0 = Release|Win32
		{548964DC-7747-4EED-81C0-F61751CBC7CD}.Debug|Any CPU.ActiveCfg = Debug|Win32
		{548964DC-7747-4EED-81C0-F61751CBC7CD}.Debug|x64.ActiveCfg = Debug|x64
		{548964DC-7747-4EED-81C0-F61751CBC7CD}.Debug|x64.Build.0 = Debug|x64
		{548964DC-7747-4EED-81C0-F61751CBC7CD}.Debug|x86.ActiveCfg = Debug|Win32
		{548964DC-7747-4EED-81C0-F61751CBC7CD}.Debug|x86.Build.0 = Debug|Win32
		{548964DC-7747-4EED-81C0-F61751CBC7CD}.Release|Any CPU.ActiveCfg = Release|Win32
		{548964DC-7747-4EED-81C0-F61751CBC7CD}.Release|x64.ActiveCfg = Release|x64
		{548964DC-7747-4EED-81C0-F61751CBC7CD}.Release|x64.Build.0 = Release|x64
		{548964DC-7747-4EED-81C0-F61751CBC7CD}.Release|x86.ActiveCfg = Release|Win32
		{548964DC-7747-4EED-81C0-F61751CBC7CD}.Release|x86.Build.0 = Release|Win32
		{A2C52A78-FD5B-4CFD-9A1C-5A12EB891A7D}.Debug|Any CPU.ActiveCfg = Debug|Any CPU
		{A2C52A78-FD5B-4CFD-9A1C-5A12EB891A7D}.Debug|Any CPU.Build.0 = Debug|Any CPU
		{A2C52A78-FD5B-4CFD-9A1C-5A12EB891A7D}.Debug|x64.ActiveCfg = Debug|Any CPU
		{A2C52A78-FD5B-4CFD-9A1C-5A12EB891A7D}.Debug|x64.Build.0 = Debug|Any CPU
		{A2C52A78-FD5B-4CFD-9A1C-5A12EB891A7D}.Debug|x86.ActiveCfg = Debug|Any CPU
		{A2C52A78-FD5B-4CFD-9A1C-5A12EB891A7D}.Debug|x86.Build.0 = Debug|Any CPU
		{A2C52A78-FD5B-4CFD-9A1C-5A12EB891A7D}.Release|Any CPU.ActiveCfg = Release|Any CPU
		{A2C52A78-FD5B-4CFD-9A1C-5A12EB891A7D}.Release|Any CPU.Build.0 = Release|Any CPU
		{A2C52A78-FD5B-4CFD-9A1C-5A12EB891A7D}.Release|x64.ActiveCfg = Release|Any CPU
		{A2C52A78-FD5B-4CFD-9A1C-5A12EB891A7D}.Release|x64.Build.0 = Release|Any CPU
		{A2C52A78-FD5B-4CFD-9A1C-5A12EB891A7D}.Release|x86.ActiveCfg = Release|Any CPU
		{A2C52A78-FD5B-4CFD-9A1C-5A12EB891A7D}.Release|x86.Build.0 = Release|Any CPU
	EndGlobalSection
	GlobalSection(SolutionProperties) = preSolution
		HideSolutionNode = FALSE
	EndGlobalSection
	GlobalSection(ExtensibilityGlobals) = postSolution
		SolutionGuid = {F28D96AB-FFEF-4C59-9C55-248E94873663}
	EndGlobalSection
EndGlobal
