<?xml version="1.0" encoding="utf-8"?>
<Project ToolsVersion="4.0" xmlns="http://schemas.microsoft.com/developer/msbuild/2003">
  <ItemGroup>
    <ClInclude Include="global.h" />
    <ClInclude Include="VirtualContext.h">
      <Filter>Core</Filter>
    </ClInclude>
    <ClInclude Include="Types.h">
      <Filter>Generic</Filter>
    </ClInclude>
    <ClInclude Include="PMC.h">
      <Filter>Core\ParrotMagicCookie</Filter>
    </ClInclude>
    <ClInclude Include="List.h">
      <Filter>Generic</Filter>
    </ClInclude>
    <ClInclude Include="StateMachine.h">
      <Filter>Parser\StateMachine</Filter>
    </ClInclude>
    <ClInclude Include="Fnv1a.h">
      <Filter>Generic</Filter>
    </ClInclude>
    <ClInclude Include="Token.h">
      <Filter>Parser</Filter>
    </ClInclude>
  </ItemGroup>
  <ItemGroup>
    <ClCompile Include="main.c" />
    <ClCompile Include="StateMachine.c">
      <Filter>Parser\StateMachine</Filter>
    </ClCompile>
    <ClCompile Include="Fnv1a.c">
      <Filter>Generic</Filter>
    </ClCompile>
    <ClCompile Include="VirtualContext.c">
      <Filter>Core</Filter>
    </ClCompile>
    <ClCompile Include="PMC.c">
      <Filter>Core\ParrotMagicCookie</Filter>
    </ClCompile>
  </ItemGroup>
  <ItemGroup>
    <Filter Include="Core">
      <UniqueIdentifier>{aa54e168-9727-43e6-aaee-7c05a17de2c0}</UniqueIdentifier>
    </Filter>
    <Filter Include="Generic">
      <UniqueIdentifier>{8d20b813-dbef-4965-a54d-58c38e243989}</UniqueIdentifier>
    </Filter>
    <Filter Include="Parser">
      <UniqueIdentifier>{a18662e6-efe9-4bad-b3ab-4bcb87155057}</UniqueIdentifier>
    </Filter>
    <Filter Include="Parser\StateMachine">
      <UniqueIdentifier>{0ef28495-2a23-48d0-9b7c-44407e53ecdc}</UniqueIdentifier>
    </Filter>
    <Filter Include="Core\ParrotMagicCookie">
      <UniqueIdentifier>{1f2721af-80fd-4372-a46b-b6bf0086d155}</UniqueIdentifier>
    </Filter>
  </ItemGroup>
</Project>