<?xml version="1.0" encoding="utf-8"?>
<Project ToolsVersion="4.0" xmlns="http://schemas.microsoft.com/developer/msbuild/2003">
  <ItemGroup>
    <ClInclude Include="global.h" />
    <ClInclude Include="VirtualContext.h">
      <Filter>Core</Filter>
    </ClInclude>
    <ClInclude Include="PMC.h">
      <Filter>Core\ParrotMagicCookie</Filter>
    </ClInclude>
    <ClInclude Include="List.h">
      <Filter>Generic</Filter>
    </ClInclude>
    <ClInclude Include="StateMachine.h">
      <Filter>Compiler\StateMachine</Filter>
    </ClInclude>
    <ClInclude Include="Fnv1a.h">
      <Filter>Generic</Filter>
    </ClInclude>
    <ClInclude Include="Lexer.h">
      <Filter>Compiler\Lexer</Filter>
    </ClInclude>
    <ClInclude Include="LexerTest.h">
      <Filter>Compiler\Lexer</Filter>
    </ClInclude>
    <ClInclude Include="StateMachineTest.h">
      <Filter>Compiler\StateMachine</Filter>
    </ClInclude>
    <ClInclude Include="Bytecode.h">
      <Filter>Compiler</Filter>
    </ClInclude>
    <ClInclude Include="Compiler.h">
      <Filter>Compiler</Filter>
    </ClInclude>
    <ClInclude Include="Token.h">
      <Filter>Compiler</Filter>
    </ClInclude>
  </ItemGroup>
  <ItemGroup>
    <ClCompile Include="main.c" />
    <ClCompile Include="StateMachine.c">
      <Filter>Compiler\StateMachine</Filter>
    </ClCompile>
    <ClCompile Include="Fnv1a.c">
      <Filter>Generic</Filter>
    </ClCompile>
    <ClCompile Include="VirtualContext.c">
      <Filter>Core</Filter>
    </ClCompile>
    <ClCompile Include="PMC.c">
      <Filter>Core\ParrotMagicCookie</Filter>
    </ClCompile>
    <ClCompile Include="Lexer.c">
      <Filter>Compiler\Lexer</Filter>
    </ClCompile>
    <ClCompile Include="LexerTest.c">
      <Filter>Compiler\Lexer</Filter>
    </ClCompile>
    <ClCompile Include="StateMachineTest.c">
      <Filter>Compiler\StateMachine</Filter>
    </ClCompile>
    <ClCompile Include="Bytecode.c">
      <Filter>Compiler</Filter>
    </ClCompile>
    <ClCompile Include="Compiler.c">
      <Filter>Compiler</Filter>
    </ClCompile>
  </ItemGroup>
  <ItemGroup>
    <Filter Include="Core">
      <UniqueIdentifier>{aa54e168-9727-43e6-aaee-7c05a17de2c0}</UniqueIdentifier>
    </Filter>
    <Filter Include="Generic">
      <UniqueIdentifier>{8d20b813-dbef-4965-a54d-58c38e243989}</UniqueIdentifier>
    </Filter>
    <Filter Include="Core\ParrotMagicCookie">
      <UniqueIdentifier>{1f2721af-80fd-4372-a46b-b6bf0086d155}</UniqueIdentifier>
    </Filter>
    <Filter Include="Compiler">
      <UniqueIdentifier>{1136b497-6d71-4ff4-80ff-7fd0922c9e0c}</UniqueIdentifier>
    </Filter>
    <Filter Include="Compiler\Lexer">
      <UniqueIdentifier>{625a6916-36df-4cbd-8588-e98eb5848722}</UniqueIdentifier>
    </Filter>
    <Filter Include="Compiler\StateMachine">
      <UniqueIdentifier>{0ef28495-2a23-48d0-9b7c-44407e53ecdc}</UniqueIdentifier>
    </Filter>
  </ItemGroup>
</Project>